{
  "name": "markdownsuite",
  "lockfileVersion": 3,
  "requires": true,
  "packages": {
    "": {
      "dependencies": {
        "marked": "^9.0.0"
      }
    },
    "node_modules/marked": {
      "version": "9.0.0",
      "resolved": "https://registry.npmjs.org/marked/-/marked-9.0.0.tgz",
      "integrity": "sha512-37yoTpjU+TSXb9OBYY5n78z/CqXh76KiQj9xsKxEdztzU9fRLmbWO5YqKxgCVGKlNdexppnbKTkwB3RipVri8w==",
      "bin": {
        "marked": "bin/marked.js"
      },
      "engines": {
        "node": ">= 16"
      }
    }
  }
}
